
Microsoft Visual Studio Solution File, Format Version 12.00
# Visual Studio Version 17
VisualStudioVersion = 17.4.33213.308
MinimumVisualStudioVersion = 10.0.40219.1
Project("{FAE04EC0-301F-11D3-BF4B-00C04F79EFBC}") = "Model", "Model.csproj", "{2143382E-E07A-47F1-BE77-E149849D1149}"
EndProject
Global
	GlobalSection(SolutionConfigurationPlatforms) = preSolution
		Debug|Any CPU = Debug|Any CPU
		Release|Any CPU = Release|Any CPU
	EndGlobalSection
	GlobalSection(ProjectConfigurationPlatforms) = postSolution
		{2143382E-E07A-47F1-BE77-E149849D1149}.Debug|Any CPU.ActiveCfg = Debug|Any CPU
		{2143382E-E07A-47F1-BE77-E149849D1149}.Debug|Any CPU.Build.0 = Debug|Any CPU
		{2143382E-E07A-47F1-BE77-E149849D1149}.Release|Any CPU.ActiveCfg = Release|Any CPU
		{2143382E-E07A-47F1-BE77-E149849D1149}.Release|Any CPU.Build.0 = Release|Any CPU
	EndGlobalSection
	GlobalSection(SolutionProperties) = preSolution
		HideSolutionNode = FALSE
	EndGlobalSection
	GlobalSection(ExtensibilityGlobals) = postSolution
		SolutionGuid = {CA66DC78-8E96-494B-9DE7-2A03B31CBBAC}
	EndGlobalSection
EndGlobal
